<?xml version="1.0" encoding="utf-8"?>
<Project ToolsVersion="17.0" xmlns="http://schemas.microsoft.com/developer/msbuild/2003">
  <ItemGroup>
    <ClCompile Include="C:\Users\ASUS\EngineForAnimationCourse-master\igl\opengl\MeshGL.cpp">
      <Filter>Source Files</Filter>
    </ClCompile>
    <ClCompile Include="C:\Users\ASUS\EngineForAnimationCourse-master\igl\opengl\Movable.cpp">
      <Filter>Source Files</Filter>
    </ClCompile>
    <ClCompile Include="C:\Users\ASUS\EngineForAnimationCourse-master\igl\opengl\ViewerCore.cpp">
      <Filter>Source Files</Filter>
    </ClCompile>
    <ClCompile Include="C:\Users\ASUS\EngineForAnimationCourse-master\igl\opengl\ViewerData.cpp">
      <Filter>Source Files</Filter>
    </ClCompile>
    <ClCompile Include="C:\Users\ASUS\EngineForAnimationCourse-master\igl\opengl\bind_vertex_attrib_array.cpp">
      <Filter>Source Files</Filter>
    </ClCompile>
    <ClCompile Include="C:\Users\ASUS\EngineForAnimationCourse-master\igl\opengl\create_index_vbo.cpp">
      <Filter>Source Files</Filter>
    </ClCompile>
    <ClCompile Include="C:\Users\ASUS\EngineForAnimationCourse-master\igl\opengl\create_mesh_vbo.cpp">
      <Filter>Source Files</Filter>
    </ClCompile>
    <ClCompile Include="C:\Users\ASUS\EngineForAnimationCourse-master\igl\opengl\create_shader_program.cpp">
      <Filter>Source Files</Filter>
    </ClCompile>
    <ClCompile Include="C:\Users\ASUS\EngineForAnimationCourse-master\igl\opengl\create_vector_vbo.cpp">
      <Filter>Source Files</Filter>
    </ClCompile>
    <ClCompile Include="C:\Users\ASUS\EngineForAnimationCourse-master\igl\opengl\destroy_shader_program.cpp">
      <Filter>Source Files</Filter>
    </ClCompile>
    <ClCompile Include="C:\Users\ASUS\EngineForAnimationCourse-master\igl\opengl\gl_type_size.cpp">
      <Filter>Source Files</Filter>
    </ClCompile>
    <ClCompile Include="C:\Users\ASUS\EngineForAnimationCourse-master\igl\opengl\init_render_to_texture.cpp">
      <Filter>Source Files</Filter>
    </ClCompile>
    <ClCompile Include="C:\Users\ASUS\EngineForAnimationCourse-master\igl\opengl\load_shader.cpp">
      <Filter>Source Files</Filter>
    </ClCompile>
    <ClCompile Include="C:\Users\ASUS\EngineForAnimationCourse-master\igl\opengl\print_program_info_log.cpp">
      <Filter>Source Files</Filter>
    </ClCompile>
    <ClCompile Include="C:\Users\ASUS\EngineForAnimationCourse-master\igl\opengl\print_shader_info_log.cpp">
      <Filter>Source Files</Filter>
    </ClCompile>
    <ClCompile Include="C:\Users\ASUS\EngineForAnimationCourse-master\igl\opengl\report_gl_error.cpp">
      <Filter>Source Files</Filter>
    </ClCompile>
    <ClCompile Include="C:\Users\ASUS\EngineForAnimationCourse-master\igl\opengl\uniform_type_to_string.cpp">
      <Filter>Source Files</Filter>
    </ClCompile>
    <ClCompile Include="C:\Users\ASUS\EngineForAnimationCourse-master\igl\opengl\vertex_array.cpp">
      <Filter>Source Files</Filter>
    </ClCompile>
  </ItemGroup>
  <ItemGroup>
    <CustomBuild Include="C:\Users\ASUS\EngineForAnimationCourse-master\CMakeLists.txt" />
  </ItemGroup>
  <ItemGroup>
    <Filter Include="Source Files">
      <UniqueIdentifier>{1AF5218A-1E1D-3D5C-81E7-308C8A1E50AC}</UniqueIdentifier>
    </Filter>
  </ItemGroup>
</Project>
