
Microsoft Visual Studio Solution File, Format Version 12.00
# Visual Studio Version 17
Project("{2150E333-8FDC-42A3-9474-1A3956D46DE8}") = "CMakePredefinedTargets", "CMakePredefinedTargets", "{1169396C-8B94-33A2-90D1-66EFA32CFE15}"
EndProject
Project("{2150E333-8FDC-42A3-9474-1A3956D46DE8}") = "GLFW3", "GLFW3", "{E328F4D0-0CC1-33C4-8E6A-50B38AB50DA3}"
EndProject
Project("{8BC9CEB8-8B4A-11D0-8D11-00A0C91BC942}") = "ALL_BUILD", "ALL_BUILD.vcxproj", "{5FED82E6-E0CE-36EB-8427-C6B8E18212A4}"
	ProjectSection(ProjectDependencies) = postProject
		{939BE669-6881-3A44-86B9-E741B79F94ED} = {939BE669-6881-3A44-86B9-E741B79F94ED}
		{3541CB70-AD9D-3E12-935A-6B91A582D7EB} = {3541CB70-AD9D-3E12-935A-6B91A582D7EB}
	EndProjectSection
EndProject
Project("{8BC9CEB8-8B4A-11D0-8D11-00A0C91BC942}") = "ZERO_CHECK", "..\..\\ZERO_CHECK.vcxproj", "{939BE669-6881-3A44-86B9-E741B79F94ED}"
	ProjectSection(ProjectDependencies) = postProject
	EndProjectSection
EndProject
Project("{8BC9CEB8-8B4A-11D0-8D11-00A0C91BC942}") = "glad", "..\..\glad\glad.vcxproj", "{315D2428-B311-3AF5-A2C3-0DB8142F0764}"
	ProjectSection(ProjectDependencies) = postProject
		{939BE669-6881-3A44-86B9-E741B79F94ED} = {939BE669-6881-3A44-86B9-E741B79F94ED}
	EndProjectSection
EndProject
Project("{8BC9CEB8-8B4A-11D0-8D11-00A0C91BC942}") = "glfw", "..\..\glfw\src\glfw.vcxproj", "{75423217-4EC6-3C34-9F9C-167F73BE7222}"
	ProjectSection(ProjectDependencies) = postProject
		{939BE669-6881-3A44-86B9-E741B79F94ED} = {939BE669-6881-3A44-86B9-E741B79F94ED}
	EndProjectSection
EndProject
Project("{8BC9CEB8-8B4A-11D0-8D11-00A0C91BC942}") = "igl", "..\..\\igl.vcxproj", "{3937907E-AE51-3438-9068-963B07BED1BD}"
	ProjectSection(ProjectDependencies) = postProject
		{939BE669-6881-3A44-86B9-E741B79F94ED} = {939BE669-6881-3A44-86B9-E741B79F94ED}
	EndProjectSection
EndProject
Project("{8BC9CEB8-8B4A-11D0-8D11-00A0C91BC942}") = "igl_opengl", "..\..\\igl_opengl.vcxproj", "{127A2C0F-0A12-3F37-BACE-D932A60407C8}"
	ProjectSection(ProjectDependencies) = postProject
		{939BE669-6881-3A44-86B9-E741B79F94ED} = {939BE669-6881-3A44-86B9-E741B79F94ED}
		{315D2428-B311-3AF5-A2C3-0DB8142F0764} = {315D2428-B311-3AF5-A2C3-0DB8142F0764}
		{3937907E-AE51-3438-9068-963B07BED1BD} = {3937907E-AE51-3438-9068-963B07BED1BD}
	EndProjectSection
EndProject
Project("{8BC9CEB8-8B4A-11D0-8D11-00A0C91BC942}") = "igl_opengl_glfw", "..\..\\igl_opengl_glfw.vcxproj", "{BFA8A1FC-82F8-3ECE-8ADC-CE38822B2E27}"
	ProjectSection(ProjectDependencies) = postProject
		{939BE669-6881-3A44-86B9-E741B79F94ED} = {939BE669-6881-3A44-86B9-E741B79F94ED}
		{315D2428-B311-3AF5-A2C3-0DB8142F0764} = {315D2428-B311-3AF5-A2C3-0DB8142F0764}
		{75423217-4EC6-3C34-9F9C-167F73BE7222} = {75423217-4EC6-3C34-9F9C-167F73BE7222}
		{3937907E-AE51-3438-9068-963B07BED1BD} = {3937907E-AE51-3438-9068-963B07BED1BD}
		{127A2C0F-0A12-3F37-BACE-D932A60407C8} = {127A2C0F-0A12-3F37-BACE-D932A60407C8}
	EndProjectSection
EndProject
Project("{8BC9CEB8-8B4A-11D0-8D11-00A0C91BC942}") = "igl_opengl_glfw_imgui", "..\..\\igl_opengl_glfw_imgui.vcxproj", "{EE67857F-33DB-3922-BB12-C81347EC365D}"
	ProjectSection(ProjectDependencies) = postProject
		{939BE669-6881-3A44-86B9-E741B79F94ED} = {939BE669-6881-3A44-86B9-E741B79F94ED}
		{315D2428-B311-3AF5-A2C3-0DB8142F0764} = {315D2428-B311-3AF5-A2C3-0DB8142F0764}
		{75423217-4EC6-3C34-9F9C-167F73BE7222} = {75423217-4EC6-3C34-9F9C-167F73BE7222}
		{3937907E-AE51-3438-9068-963B07BED1BD} = {3937907E-AE51-3438-9068-963B07BED1BD}
		{127A2C0F-0A12-3F37-BACE-D932A60407C8} = {127A2C0F-0A12-3F37-BACE-D932A60407C8}
		{BFA8A1FC-82F8-3ECE-8ADC-CE38822B2E27} = {BFA8A1FC-82F8-3ECE-8ADC-CE38822B2E27}
		{1287141B-AE99-3831-9FD6-599BB6A798F1} = {1287141B-AE99-3831-9FD6-599BB6A798F1}
	EndProjectSection
EndProject
Project("{8BC9CEB8-8B4A-11D0-8D11-00A0C91BC942}") = "igl_png", "..\..\\igl_png.vcxproj", "{A2A8EF8E-09A2-363F-A635-CA9BC115D659}"
	ProjectSection(ProjectDependencies) = postProject
		{939BE669-6881-3A44-86B9-E741B79F94ED} = {939BE669-6881-3A44-86B9-E741B79F94ED}
		{315D2428-B311-3AF5-A2C3-0DB8142F0764} = {315D2428-B311-3AF5-A2C3-0DB8142F0764}
		{3937907E-AE51-3438-9068-963B07BED1BD} = {3937907E-AE51-3438-9068-963B07BED1BD}
		{127A2C0F-0A12-3F37-BACE-D932A60407C8} = {127A2C0F-0A12-3F37-BACE-D932A60407C8}
		{D5584B3A-2857-3C3C-AF4F-9C1DD314F8EC} = {D5584B3A-2857-3C3C-AF4F-9C1DD314F8EC}
	EndProjectSection
EndProject
Project("{8BC9CEB8-8B4A-11D0-8D11-00A0C91BC942}") = "igl_stb_image", "..\..\stb_image\igl_stb_image.vcxproj", "{D5584B3A-2857-3C3C-AF4F-9C1DD314F8EC}"
	ProjectSection(ProjectDependencies) = postProject
		{939BE669-6881-3A44-86B9-E741B79F94ED} = {939BE669-6881-3A44-86B9-E741B79F94ED}
	EndProjectSection
EndProject
Project("{8BC9CEB8-8B4A-11D0-8D11-00A0C91BC942}") = "imgui", "..\..\imgui\imgui.vcxproj", "{1287141B-AE99-3831-9FD6-599BB6A798F1}"
	ProjectSection(ProjectDependencies) = postProject
		{939BE669-6881-3A44-86B9-E741B79F94ED} = {939BE669-6881-3A44-86B9-E741B79F94ED}
		{315D2428-B311-3AF5-A2C3-0DB8142F0764} = {315D2428-B311-3AF5-A2C3-0DB8142F0764}
		{75423217-4EC6-3C34-9F9C-167F73BE7222} = {75423217-4EC6-3C34-9F9C-167F73BE7222}
	EndProjectSection
EndProject
Project("{8BC9CEB8-8B4A-11D0-8D11-00A0C91BC942}") = "sandBox_bin", "sandBox_bin.vcxproj", "{3541CB70-AD9D-3E12-935A-6B91A582D7EB}"
	ProjectSection(ProjectDependencies) = postProject
		{939BE669-6881-3A44-86B9-E741B79F94ED} = {939BE669-6881-3A44-86B9-E741B79F94ED}
		{315D2428-B311-3AF5-A2C3-0DB8142F0764} = {315D2428-B311-3AF5-A2C3-0DB8142F0764}
		{75423217-4EC6-3C34-9F9C-167F73BE7222} = {75423217-4EC6-3C34-9F9C-167F73BE7222}
		{3937907E-AE51-3438-9068-963B07BED1BD} = {3937907E-AE51-3438-9068-963B07BED1BD}
		{127A2C0F-0A12-3F37-BACE-D932A60407C8} = {127A2C0F-0A12-3F37-BACE-D932A60407C8}
		{BFA8A1FC-82F8-3ECE-8ADC-CE38822B2E27} = {BFA8A1FC-82F8-3ECE-8ADC-CE38822B2E27}
		{EE67857F-33DB-3922-BB12-C81347EC365D} = {EE67857F-33DB-3922-BB12-C81347EC365D}
		{A2A8EF8E-09A2-363F-A635-CA9BC115D659} = {A2A8EF8E-09A2-363F-A635-CA9BC115D659}
		{D5584B3A-2857-3C3C-AF4F-9C1DD314F8EC} = {D5584B3A-2857-3C3C-AF4F-9C1DD314F8EC}
		{1287141B-AE99-3831-9FD6-599BB6A798F1} = {1287141B-AE99-3831-9FD6-599BB6A798F1}
	EndProjectSection
EndProject
Global
	GlobalSection(SolutionConfigurationPlatforms) = preSolution
		Debug|x64 = Debug|x64
		Release|x64 = Release|x64
		MinSizeRel|x64 = MinSizeRel|x64
		RelWithDebInfo|x64 = RelWithDebInfo|x64
	EndGlobalSection
	GlobalSection(ProjectConfigurationPlatforms) = postSolution
		{5FED82E6-E0CE-36EB-8427-C6B8E18212A4}.Debug|x64.ActiveCfg = Debug|x64
		{5FED82E6-E0CE-36EB-8427-C6B8E18212A4}.Release|x64.ActiveCfg = Release|x64
		{5FED82E6-E0CE-36EB-8427-C6B8E18212A4}.MinSizeRel|x64.ActiveCfg = MinSizeRel|x64
		{5FED82E6-E0CE-36EB-8427-C6B8E18212A4}.RelWithDebInfo|x64.ActiveCfg = RelWithDebInfo|x64
		{939BE669-6881-3A44-86B9-E741B79F94ED}.Debug|x64.ActiveCfg = Debug|x64
		{939BE669-6881-3A44-86B9-E741B79F94ED}.Debug|x64.Build.0 = Debug|x64
		{939BE669-6881-3A44-86B9-E741B79F94ED}.Release|x64.ActiveCfg = Release|x64
		{939BE669-6881-3A44-86B9-E741B79F94ED}.Release|x64.Build.0 = Release|x64
		{939BE669-6881-3A44-86B9-E741B79F94ED}.MinSizeRel|x64.ActiveCfg = MinSizeRel|x64
		{939BE669-6881-3A44-86B9-E741B79F94ED}.MinSizeRel|x64.Build.0 = MinSizeRel|x64
		{939BE669-6881-3A44-86B9-E741B79F94ED}.RelWithDebInfo|x64.ActiveCfg = RelWithDebInfo|x64
		{939BE669-6881-3A44-86B9-E741B79F94ED}.RelWithDebInfo|x64.Build.0 = RelWithDebInfo|x64
		{315D2428-B311-3AF5-A2C3-0DB8142F0764}.Debug|x64.ActiveCfg = Debug|x64
		{315D2428-B311-3AF5-A2C3-0DB8142F0764}.Debug|x64.Build.0 = Debug|x64
		{315D2428-B311-3AF5-A2C3-0DB8142F0764}.Release|x64.ActiveCfg = Release|x64
		{315D2428-B311-3AF5-A2C3-0DB8142F0764}.Release|x64.Build.0 = Release|x64
		{315D2428-B311-3AF5-A2C3-0DB8142F0764}.MinSizeRel|x64.ActiveCfg = MinSizeRel|x64
		{315D2428-B311-3AF5-A2C3-0DB8142F0764}.MinSizeRel|x64.Build.0 = MinSizeRel|x64
		{315D2428-B311-3AF5-A2C3-0DB8142F0764}.RelWithDebInfo|x64.ActiveCfg = RelWithDebInfo|x64
		{315D2428-B311-3AF5-A2C3-0DB8142F0764}.RelWithDebInfo|x64.Build.0 = RelWithDebInfo|x64
		{75423217-4EC6-3C34-9F9C-167F73BE7222}.Debug|x64.ActiveCfg = Debug|x64
		{75423217-4EC6-3C34-9F9C-167F73BE7222}.Debug|x64.Build.0 = Debug|x64
		{75423217-4EC6-3C34-9F9C-167F73BE7222}.Release|x64.ActiveCfg = Release|x64
		{75423217-4EC6-3C34-9F9C-167F73BE7222}.Release|x64.Build.0 = Release|x64
		{75423217-4EC6-3C34-9F9C-167F73BE7222}.MinSizeRel|x64.ActiveCfg = MinSizeRel|x64
		{75423217-4EC6-3C34-9F9C-167F73BE7222}.MinSizeRel|x64.Build.0 = MinSizeRel|x64
		{75423217-4EC6-3C34-9F9C-167F73BE7222}.RelWithDebInfo|x64.ActiveCfg = RelWithDebInfo|x64
		{75423217-4EC6-3C34-9F9C-167F73BE7222}.RelWithDebInfo|x64.Build.0 = RelWithDebInfo|x64
		{3937907E-AE51-3438-9068-963B07BED1BD}.Debug|x64.ActiveCfg = Debug|x64
		{3937907E-AE51-3438-9068-963B07BED1BD}.Debug|x64.Build.0 = Debug|x64
		{3937907E-AE51-3438-9068-963B07BED1BD}.Release|x64.ActiveCfg = Release|x64
		{3937907E-AE51-3438-9068-963B07BED1BD}.Release|x64.Build.0 = Release|x64
		{3937907E-AE51-3438-9068-963B07BED1BD}.MinSizeRel|x64.ActiveCfg = MinSizeRel|x64
		{3937907E-AE51-3438-9068-963B07BED1BD}.MinSizeRel|x64.Build.0 = MinSizeRel|x64
		{3937907E-AE51-3438-9068-963B07BED1BD}.RelWithDebInfo|x64.ActiveCfg = RelWithDebInfo|x64
		{3937907E-AE51-3438-9068-963B07BED1BD}.RelWithDebInfo|x64.Build.0 = RelWithDebInfo|x64
		{127A2C0F-0A12-3F37-BACE-D932A60407C8}.Debug|x64.ActiveCfg = Debug|x64
		{127A2C0F-0A12-3F37-BACE-D932A60407C8}.Debug|x64.Build.0 = Debug|x64
		{127A2C0F-0A12-3F37-BACE-D932A60407C8}.Release|x64.ActiveCfg = Release|x64
		{127A2C0F-0A12-3F37-BACE-D932A60407C8}.Release|x64.Build.0 = Release|x64
		{127A2C0F-0A12-3F37-BACE-D932A60407C8}.MinSizeRel|x64.ActiveCfg = MinSizeRel|x64
		{127A2C0F-0A12-3F37-BACE-D932A60407C8}.MinSizeRel|x64.Build.0 = MinSizeRel|x64
		{127A2C0F-0A12-3F37-BACE-D932A60407C8}.RelWithDebInfo|x64.ActiveCfg = RelWithDebInfo|x64
		{127A2C0F-0A12-3F37-BACE-D932A60407C8}.RelWithDebInfo|x64.Build.0 = RelWithDebInfo|x64
		{BFA8A1FC-82F8-3ECE-8ADC-CE38822B2E27}.Debug|x64.ActiveCfg = Debug|x64
		{BFA8A1FC-82F8-3ECE-8ADC-CE38822B2E27}.Debug|x64.Build.0 = Debug|x64
		{BFA8A1FC-82F8-3ECE-8ADC-CE38822B2E27}.Release|x64.ActiveCfg = Release|x64
		{BFA8A1FC-82F8-3ECE-8ADC-CE38822B2E27}.Release|x64.Build.0 = Release|x64
		{BFA8A1FC-82F8-3ECE-8ADC-CE38822B2E27}.MinSizeRel|x64.ActiveCfg = MinSizeRel|x64
		{BFA8A1FC-82F8-3ECE-8ADC-CE38822B2E27}.MinSizeRel|x64.Build.0 = MinSizeRel|x64
		{BFA8A1FC-82F8-3ECE-8ADC-CE38822B2E27}.RelWithDebInfo|x64.ActiveCfg = RelWithDebInfo|x64
		{BFA8A1FC-82F8-3ECE-8ADC-CE38822B2E27}.RelWithDebInfo|x64.Build.0 = RelWithDebInfo|x64
		{EE67857F-33DB-3922-BB12-C81347EC365D}.Debug|x64.ActiveCfg = Debug|x64
		{EE67857F-33DB-3922-BB12-C81347EC365D}.Debug|x64.Build.0 = Debug|x64
		{EE67857F-33DB-3922-BB12-C81347EC365D}.Release|x64.ActiveCfg = Release|x64
		{EE67857F-33DB-3922-BB12-C81347EC365D}.Release|x64.Build.0 = Release|x64
		{EE67857F-33DB-3922-BB12-C81347EC365D}.MinSizeRel|x64.ActiveCfg = MinSizeRel|x64
		{EE67857F-33DB-3922-BB12-C81347EC365D}.MinSizeRel|x64.Build.0 = MinSizeRel|x64
		{EE67857F-33DB-3922-BB12-C81347EC365D}.RelWithDebInfo|x64.ActiveCfg = RelWithDebInfo|x64
		{EE67857F-33DB-3922-BB12-C81347EC365D}.RelWithDebInfo|x64.Build.0 = RelWithDebInfo|x64
		{A2A8EF8E-09A2-363F-A635-CA9BC115D659}.Debug|x64.ActiveCfg = Debug|x64
		{A2A8EF8E-09A2-363F-A635-CA9BC115D659}.Debug|x64.Build.0 = Debug|x64
		{A2A8EF8E-09A2-363F-A635-CA9BC115D659}.Release|x64.ActiveCfg = Release|x64
		{A2A8EF8E-09A2-363F-A635-CA9BC115D659}.Release|x64.Build.0 = Release|x64
		{A2A8EF8E-09A2-363F-A635-CA9BC115D659}.MinSizeRel|x64.ActiveCfg = MinSizeRel|x64
		{A2A8EF8E-09A2-363F-A635-CA9BC115D659}.MinSizeRel|x64.Build.0 = MinSizeRel|x64
		{A2A8EF8E-09A2-363F-A635-CA9BC115D659}.RelWithDebInfo|x64.ActiveCfg = RelWithDebInfo|x64
		{A2A8EF8E-09A2-363F-A635-CA9BC115D659}.RelWithDebInfo|x64.Build.0 = RelWithDebInfo|x64
		{D5584B3A-2857-3C3C-AF4F-9C1DD314F8EC}.Debug|x64.ActiveCfg = Debug|x64
		{D5584B3A-2857-3C3C-AF4F-9C1DD314F8EC}.Debug|x64.Build.0 = Debug|x64
		{D5584B3A-2857-3C3C-AF4F-9C1DD314F8EC}.Release|x64.ActiveCfg = Release|x64
		{D5584B3A-2857-3C3C-AF4F-9C1DD314F8EC}.Release|x64.Build.0 = Release|x64
		{D5584B3A-2857-3C3C-AF4F-9C1DD314F8EC}.MinSizeRel|x64.ActiveCfg = MinSizeRel|x64
		{D5584B3A-2857-3C3C-AF4F-9C1DD314F8EC}.MinSizeRel|x64.Build.0 = MinSizeRel|x64
		{D5584B3A-2857-3C3C-AF4F-9C1DD314F8EC}.RelWithDebInfo|x64.ActiveCfg = RelWithDebInfo|x64
		{D5584B3A-2857-3C3C-AF4F-9C1DD314F8EC}.RelWithDebInfo|x64.Build.0 = RelWithDebInfo|x64
		{1287141B-AE99-3831-9FD6-599BB6A798F1}.Debug|x64.ActiveCfg = Debug|x64
		{1287141B-AE99-3831-9FD6-599BB6A798F1}.Debug|x64.Build.0 = Debug|x64
		{1287141B-AE99-3831-9FD6-599BB6A798F1}.Release|x64.ActiveCfg = Release|x64
		{1287141B-AE99-3831-9FD6-599BB6A798F1}.Release|x64.Build.0 = Release|x64
		{1287141B-AE99-3831-9FD6-599BB6A798F1}.MinSizeRel|x64.ActiveCfg = MinSizeRel|x64
		{1287141B-AE99-3831-9FD6-599BB6A798F1}.MinSizeRel|x64.Build.0 = MinSizeRel|x64
		{1287141B-AE99-3831-9FD6-599BB6A798F1}.RelWithDebInfo|x64.ActiveCfg = RelWithDebInfo|x64
		{1287141B-AE99-3831-9FD6-599BB6A798F1}.RelWithDebInfo|x64.Build.0 = RelWithDebInfo|x64
		{3541CB70-AD9D-3E12-935A-6B91A582D7EB}.Debug|x64.ActiveCfg = Debug|x64
		{3541CB70-AD9D-3E12-935A-6B91A582D7EB}.Debug|x64.Build.0 = Debug|x64
		{3541CB70-AD9D-3E12-935A-6B91A582D7EB}.Release|x64.ActiveCfg = Release|x64
		{3541CB70-AD9D-3E12-935A-6B91A582D7EB}.Release|x64.Build.0 = Release|x64
		{3541CB70-AD9D-3E12-935A-6B91A582D7EB}.MinSizeRel|x64.ActiveCfg = MinSizeRel|x64
		{3541CB70-AD9D-3E12-935A-6B91A582D7EB}.MinSizeRel|x64.Build.0 = MinSizeRel|x64
		{3541CB70-AD9D-3E12-935A-6B91A582D7EB}.RelWithDebInfo|x64.ActiveCfg = RelWithDebInfo|x64
		{3541CB70-AD9D-3E12-935A-6B91A582D7EB}.RelWithDebInfo|x64.Build.0 = RelWithDebInfo|x64
	EndGlobalSection
	GlobalSection(NestedProjects) = preSolution
		{5FED82E6-E0CE-36EB-8427-C6B8E18212A4} = {1169396C-8B94-33A2-90D1-66EFA32CFE15}
		{939BE669-6881-3A44-86B9-E741B79F94ED} = {1169396C-8B94-33A2-90D1-66EFA32CFE15}
		{75423217-4EC6-3C34-9F9C-167F73BE7222} = {E328F4D0-0CC1-33C4-8E6A-50B38AB50DA3}
	EndGlobalSection
	GlobalSection(ExtensibilityGlobals) = postSolution
		SolutionGuid = {15EA1AB2-FDC7-35BB-9370-D4D147BF0F68}
	EndGlobalSection
	GlobalSection(ExtensibilityAddIns) = postSolution
	EndGlobalSection
EndGlobal
